PODS:
  - Braintree (3.9.7):
    - Braintree/API (= 3.9.7)
    - Braintree/Coinbase (= 3.9.7)
    - Braintree/Drop-In (= 3.9.7)
    - Braintree/Payments (= 3.9.7)
    - Braintree/PayPal (= 3.9.7)
    - Braintree/UI (= 3.9.7)
    - Braintree/Venmo (= 3.9.7)
  - Braintree/API (3.9.7)
  - Braintree/Coinbase (3.9.7):
    - Braintree/API
  - Braintree/Drop-In (3.9.7):
    - Braintree/API
    - Braintree/Coinbase
    - Braintree/Payments
    - Braintree/PayPal
    - Braintree/UI
    - Braintree/Venmo
  - Braintree/Payments (3.9.7):
    - Braintree/API
    - Braintree/Coinbase
    - Braintree/PayPal
    - Braintree/Venmo
  - Braintree/PayPal (3.9.7):
    - Braintree/API
    - Braintree/UI
  - Braintree/UI (3.9.7):
    - Braintree/API
  - Braintree/Venmo (3.9.7):
    - Braintree/API
  - CNPPopupController (0.3.1)
  - Firebase (2.5.0)
  - ImageLoader (0.8.7)

DEPENDENCIES:
  - Braintree (~> 3.9)
  - CNPPopupController
  - Firebase (>= 2.5.0)
  - ImageLoader

SPEC CHECKSUMS:
  Braintree: e26231d5a4b486db87da7efc97051ded67cd4598
  CNPPopupController: 67dc2ca5a3f88cd49a27bb1b0aeb78a24d423d79
  Firebase: 744617c0733b45198f9486ebd5cac64ec2d10d79
  ImageLoader: ceeafe0b760b4acbb919e384033fc94a716f4e26

COCOAPODS: 0.39.0
